// !$*UTF8*$!
{
	archiveVersion = 1;
	classes = {
	};
	objectVersion = 51;
	objects = {

/* Begin PBXBuildFile section */
		5A0C51312C9628C4B5BDFA29 /* Pods_testTempleTests.framework in Frameworks */ = {isa = PBXBuildFile; fileRef = D3D2CACEA2B0934552405965 /* Pods_testTempleTests.framework */; };
		7371F5D526BFDC0E0099F69C /* AppDelegate.swift in Sources */ = {isa = PBXBuildFile; fileRef = 7371F5D426BFDC0E0099F69C /* AppDelegate.swift */; };
		7371F5D726BFDC0E0099F69C /* SceneDelegate.swift in Sources */ = {isa = PBXBuildFile; fileRef = 7371F5D626BFDC0E0099F69C /* SceneDelegate.swift */; };
		7371F5D926BFDC0E0099F69C /* ViewController.swift in Sources */ = {isa = PBXBuildFile; fileRef = 7371F5D826BFDC0E0099F69C /* ViewController.swift */; };
		7371F5DC26BFDC0E0099F69C /* Main.storyboard in Resources */ = {isa = PBXBuildFile; fileRef = 7371F5DA26BFDC0E0099F69C /* Main.storyboard */; };
		7371F5DE26BFDC0F0099F69C /* Assets.xcassets in Resources */ = {isa = PBXBuildFile; fileRef = 7371F5DD26BFDC0F0099F69C /* Assets.xcassets */; };
		7371F5E126BFDC0F0099F69C /* LaunchScreen.storyboard in Resources */ = {isa = PBXBuildFile; fileRef = 7371F5DF26BFDC0F0099F69C /* LaunchScreen.storyboard */; };
		7371F5EC26BFDC0F0099F69C /* testTempleTests.swift in Sources */ = {isa = PBXBuildFile; fileRef = 7371F5EB26BFDC0F0099F69C /* testTempleTests.swift */; };
		7371F5F726BFDC0F0099F69C /* testTempleUITests.swift in Sources */ = {isa = PBXBuildFile; fileRef = 7371F5F626BFDC0F0099F69C /* testTempleUITests.swift */; };
		7371F60526BFDF0F0099F69C /* GoogleService-Info.plist in Resources */ = {isa = PBXBuildFile; fileRef = 7371F60426BFDF0F0099F69C /* GoogleService-Info.plist */; };
		738400EA26C51A940070F8CF /* employee.json in Resources */ = {isa = PBXBuildFile; fileRef = 738400E926C51A940070F8CF /* employee.json */; };
		738400EC26C51C200070F8CF /* animal.json in Resources */ = {isa = PBXBuildFile; fileRef = 738400EB26C51C200070F8CF /* animal.json */; };
		8DABAB4B037E5B20106DD69C /* Pods_testTemple.framework in Frameworks */ = {isa = PBXBuildFile; fileRef = 3B707F933E891704845F6B95 /* Pods_testTemple.framework */; };
		BF2DBB9D1BE4C780E69CDB12 /* Pods_testTemple_testTempleUITests.framework in Frameworks */ = {isa = PBXBuildFile; fileRef = F0500167CBD8B3E666102CEE /* Pods_testTemple_testTempleUITests.framework */; };
/* End PBXBuildFile section */

/* Begin PBXContainerItemProxy section */
		7371F5E826BFDC0F0099F69C /* PBXContainerItemProxy */ = {
			isa = PBXContainerItemProxy;
			containerPortal = 7371F5C926BFDC0E0099F69C /* Project object */;
			proxyType = 1;
			remoteGlobalIDString = 7371F5D026BFDC0E0099F69C;
			remoteInfo = testTemple;
		};
		7371F5F326BFDC0F0099F69C /* PBXContainerItemProxy */ = {
			isa = PBXContainerItemProxy;
			containerPortal = 7371F5C926BFDC0E0099F69C /* Project object */;
			proxyType = 1;
			remoteGlobalIDString = 7371F5D026BFDC0E0099F69C;
			remoteInfo = testTemple;
		};
/* End PBXContainerItemProxy section */

/* Begin PBXFileReference section */
		0AC2FA2F925D9F19097B7956 /* Pods-testTempleTests.debug.xcconfig */ = {isa = PBXFileReference; includeInIndex = 1; lastKnownFileType = text.xcconfig; name = "Pods-testTempleTests.debug.xcconfig"; path = "Target Support Files/Pods-testTempleTests/Pods-testTempleTests.debug.xcconfig"; sourceTree = "<group>"; };
		0FEA537658AE5DF9C7EA74FA /* Pods-testTemple.release.xcconfig */ = {isa = PBXFileReference; includeInIndex = 1; lastKnownFileType = text.xcconfig; name = "Pods-testTemple.release.xcconfig"; path = "Target Support Files/Pods-testTemple/Pods-testTemple.release.xcconfig"; sourceTree = "<group>"; };
		3B707F933E891704845F6B95 /* Pods_testTemple.framework */ = {isa = PBXFileReference; explicitFileType = wrapper.framework; includeInIndex = 0; path = Pods_testTemple.framework; sourceTree = BUILT_PRODUCTS_DIR; };
		40412E472BD4C18810EAB68C /* Pods-testTemple-testTempleUITests.release.xcconfig */ = {isa = PBXFileReference; includeInIndex = 1; lastKnownFileType = text.xcconfig; name = "Pods-testTemple-testTempleUITests.release.xcconfig"; path = "Target Support Files/Pods-testTemple-testTempleUITests/Pods-testTemple-testTempleUITests.release.xcconfig"; sourceTree = "<group>"; };
		7371F5D126BFDC0E0099F69C /* testTemple.app */ = {isa = PBXFileReference; explicitFileType = wrapper.application; includeInIndex = 0; path = testTemple.app; sourceTree = BUILT_PRODUCTS_DIR; };
		7371F5D426BFDC0E0099F69C /* AppDelegate.swift */ = {isa = PBXFileReference; lastKnownFileType = sourcecode.swift; path = AppDelegate.swift; sourceTree = "<group>"; };
		7371F5D626BFDC0E0099F69C /* SceneDelegate.swift */ = {isa = PBXFileReference; lastKnownFileType = sourcecode.swift; path = SceneDelegate.swift; sourceTree = "<group>"; };
		7371F5D826BFDC0E0099F69C /* ViewController.swift */ = {isa = PBXFileReference; lastKnownFileType = sourcecode.swift; path = ViewController.swift; sourceTree = "<group>"; };
		7371F5DB26BFDC0E0099F69C /* Base */ = {isa = PBXFileReference; lastKnownFileType = file.storyboard; name = Base; path = Base.lproj/Main.storyboard; sourceTree = "<group>"; };
		7371F5DD26BFDC0F0099F69C /* Assets.xcassets */ = {isa = PBXFileReference; lastKnownFileType = folder.assetcatalog; path = Assets.xcassets; sourceTree = "<group>"; };
		7371F5E026BFDC0F0099F69C /* Base */ = {isa = PBXFileReference; lastKnownFileType = file.storyboard; name = Base; path = Base.lproj/LaunchScreen.storyboard; sourceTree = "<group>"; };
		7371F5E226BFDC0F0099F69C /* Info.plist */ = {isa = PBXFileReference; lastKnownFileType = text.plist.xml; path = Info.plist; sourceTree = "<group>"; };
		7371F5E726BFDC0F0099F69C /* testTempleTests.xctest */ = {isa = PBXFileReference; explicitFileType = wrapper.cfbundle; includeInIndex = 0; path = testTempleTests.xctest; sourceTree = BUILT_PRODUCTS_DIR; };
		7371F5EB26BFDC0F0099F69C /* testTempleTests.swift */ = {isa = PBXFileReference; lastKnownFileType = sourcecode.swift; path = testTempleTests.swift; sourceTree = "<group>"; };
		7371F5ED26BFDC0F0099F69C /* Info.plist */ = {isa = PBXFileReference; lastKnownFileType = text.plist.xml; path = Info.plist; sourceTree = "<group>"; };
		7371F5F226BFDC0F0099F69C /* testTempleUITests.xctest */ = {isa = PBXFileReference; explicitFileType = wrapper.cfbundle; includeInIndex = 0; path = testTempleUITests.xctest; sourceTree = BUILT_PRODUCTS_DIR; };
		7371F5F626BFDC0F0099F69C /* testTempleUITests.swift */ = {isa = PBXFileReference; lastKnownFileType = sourcecode.swift; path = testTempleUITests.swift; sourceTree = "<group>"; };
		7371F5F826BFDC0F0099F69C /* Info.plist */ = {isa = PBXFileReference; lastKnownFileType = text.plist.xml; path = Info.plist; sourceTree = "<group>"; };
		7371F60426BFDF0F0099F69C /* GoogleService-Info.plist */ = {isa = PBXFileReference; fileEncoding = 4; lastKnownFileType = text.plist.xml; path = "GoogleService-Info.plist"; sourceTree = "<group>"; };
		738400E926C51A940070F8CF /* employee.json */ = {isa = PBXFileReference; fileEncoding = 4; lastKnownFileType = text.json; path = employee.json; sourceTree = "<group>"; };
		738400EB26C51C200070F8CF /* animal.json */ = {isa = PBXFileReference; lastKnownFileType = text.json; path = animal.json; sourceTree = "<group>"; };
		913564AABA129739F5A5E09F /* Pods-testTemple.debug.xcconfig */ = {isa = PBXFileReference; includeInIndex = 1; lastKnownFileType = text.xcconfig; name = "Pods-testTemple.debug.xcconfig"; path = "Target Support Files/Pods-testTemple/Pods-testTemple.debug.xcconfig"; sourceTree = "<group>"; };
		D3D2CACEA2B0934552405965 /* Pods_testTempleTests.framework */ = {isa = PBXFileReference; explicitFileType = wrapper.framework; includeInIndex = 0; path = Pods_testTempleTests.framework; sourceTree = BUILT_PRODUCTS_DIR; };
		F0500167CBD8B3E666102CEE /* Pods_testTemple_testTempleUITests.framework */ = {isa = PBXFileReference; explicitFileType = wrapper.framework; includeInIndex = 0; path = Pods_testTemple_testTempleUITests.framework; sourceTree = BUILT_PRODUCTS_DIR; };
		F2B03AF9DA790E4D3BD415E1 /* Pods-testTemple-testTempleUITests.debug.xcconfig */ = {isa = PBXFileReference; includeInIndex = 1; lastKnownFileType = text.xcconfig; name = "Pods-testTemple-testTempleUITests.debug.xcconfig"; path = "Target Support Files/Pods-testTemple-testTempleUITests/Pods-testTemple-testTempleUITests.debug.xcconfig"; sourceTree = "<group>"; };
		FB38E79A2AA8E0496ABCA98D /* Pods-testTempleTests.release.xcconfig */ = {isa = PBXFileReference; includeInIndex = 1; lastKnownFileType = text.xcconfig; name = "Pods-testTempleTests.release.xcconfig"; path = "Target Support Files/Pods-testTempleTests/Pods-testTempleTests.release.xcconfig"; sourceTree = "<group>"; };
/* End PBXFileReference section */

/* Begin PBXFrameworksBuildPhase section */
		7371F5CE26BFDC0E0099F69C /* Frameworks */ = {
			isa = PBXFrameworksBuildPhase;
			buildActionMask = 2147483647;
			files = (
				8DABAB4B037E5B20106DD69C /* Pods_testTemple.framework in Frameworks */,
			);
			runOnlyForDeploymentPostprocessing = 0;
		};
		7371F5E426BFDC0F0099F69C /* Frameworks */ = {
			isa = PBXFrameworksBuildPhase;
			buildActionMask = 2147483647;
			files = (
				5A0C51312C9628C4B5BDFA29 /* Pods_testTempleTests.framework in Frameworks */,
			);
			runOnlyForDeploymentPostprocessing = 0;
		};
		7371F5EF26BFDC0F0099F69C /* Frameworks */ = {
			isa = PBXFrameworksBuildPhase;
			buildActionMask = 2147483647;
			files = (
				BF2DBB9D1BE4C780E69CDB12 /* Pods_testTemple_testTempleUITests.framework in Frameworks */,
			);
			runOnlyForDeploymentPostprocessing = 0;
		};
/* End PBXFrameworksBuildPhase section */

/* Begin PBXGroup section */
		2024E2E18738E54AEB9B3280 /* Pods */ = {
			isa = PBXGroup;
			children = (
				913564AABA129739F5A5E09F /* Pods-testTemple.debug.xcconfig */,
				0FEA537658AE5DF9C7EA74FA /* Pods-testTemple.release.xcconfig */,
				F2B03AF9DA790E4D3BD415E1 /* Pods-testTemple-testTempleUITests.debug.xcconfig */,
				40412E472BD4C18810EAB68C /* Pods-testTemple-testTempleUITests.release.xcconfig */,
				0AC2FA2F925D9F19097B7956 /* Pods-testTempleTests.debug.xcconfig */,
				FB38E79A2AA8E0496ABCA98D /* Pods-testTempleTests.release.xcconfig */,
			);
			path = Pods;
			sourceTree = "<group>";
		};
		7371F5C826BFDC0E0099F69C = {
			isa = PBXGroup;
			children = (
				7371F5D326BFDC0E0099F69C /* testTemple */,
				7371F5EA26BFDC0F0099F69C /* testTempleTests */,
				7371F5F526BFDC0F0099F69C /* testTempleUITests */,
				7371F5D226BFDC0E0099F69C /* Products */,
				2024E2E18738E54AEB9B3280 /* Pods */,
				AC343966C8D36E51750E3B3F /* Frameworks */,
			);
			sourceTree = "<group>";
		};
		7371F5D226BFDC0E0099F69C /* Products */ = {
			isa = PBXGroup;
			children = (
				7371F5D126BFDC0E0099F69C /* testTemple.app */,
				7371F5E726BFDC0F0099F69C /* testTempleTests.xctest */,
				7371F5F226BFDC0F0099F69C /* testTempleUITests.xctest */,
			);
			name = Products;
			sourceTree = "<group>";
		};
		7371F5D326BFDC0E0099F69C /* testTemple */ = {
			isa = PBXGroup;
			children = (
				7371F5D426BFDC0E0099F69C /* AppDelegate.swift */,
				7371F5D626BFDC0E0099F69C /* SceneDelegate.swift */,
				7371F5D826BFDC0E0099F69C /* ViewController.swift */,
				738400EB26C51C200070F8CF /* animal.json */,
				7371F5DA26BFDC0E0099F69C /* Main.storyboard */,
				738400E926C51A940070F8CF /* employee.json */,
				7371F5DD26BFDC0F0099F69C /* Assets.xcassets */,
				7371F5DF26BFDC0F0099F69C /* LaunchScreen.storyboard */,
				7371F60426BFDF0F0099F69C /* GoogleService-Info.plist */,
				7371F5E226BFDC0F0099F69C /* Info.plist */,
			);
			path = testTemple;
			sourceTree = "<group>";
		};
		7371F5EA26BFDC0F0099F69C /* testTempleTests */ = {
			isa = PBXGroup;
			children = (
				7371F5EB26BFDC0F0099F69C /* testTempleTests.swift */,
				7371F5ED26BFDC0F0099F69C /* Info.plist */,
			);
			path = testTempleTests;
			sourceTree = "<group>";
		};
		7371F5F526BFDC0F0099F69C /* testTempleUITests */ = {
			isa = PBXGroup;
			children = (
				7371F5F626BFDC0F0099F69C /* testTempleUITests.swift */,
				7371F5F826BFDC0F0099F69C /* Info.plist */,
			);
			path = testTempleUITests;
			sourceTree = "<group>";
		};
		AC343966C8D36E51750E3B3F /* Frameworks */ = {
			isa = PBXGroup;
			children = (
				3B707F933E891704845F6B95 /* Pods_testTemple.framework */,
				F0500167CBD8B3E666102CEE /* Pods_testTemple_testTempleUITests.framework */,
				D3D2CACEA2B0934552405965 /* Pods_testTempleTests.framework */,
			);
			name = Frameworks;
			sourceTree = "<group>";
		};
/* End PBXGroup section */

/* Begin PBXNativeTarget section */
		7371F5D026BFDC0E0099F69C /* testTemple */ = {
			isa = PBXNativeTarget;
			buildConfigurationList = 7371F5FB26BFDC0F0099F69C /* Build configuration list for PBXNativeTarget "testTemple" */;
			buildPhases = (
				B6C809796B55E3E8D43DACE8 /* [CP] Check Pods Manifest.lock */,
				7371F5CD26BFDC0E0099F69C /* Sources */,
				7371F5CE26BFDC0E0099F69C /* Frameworks */,
				7371F5CF26BFDC0E0099F69C /* Resources */,
				BEEA7668ACF50787A9884953 /* [CP] Embed Pods Frameworks */,
			);
			buildRules = (
			);
			dependencies = (
			);
			name = testTemple;
			productName = testTemple;
			productReference = 7371F5D126BFDC0E0099F69C /* testTemple.app */;
			productType = "com.apple.product-type.application";
		};
		7371F5E626BFDC0F0099F69C /* testTempleTests */ = {
			isa = PBXNativeTarget;
			buildConfigurationList = 7371F5FE26BFDC0F0099F69C /* Build configuration list for PBXNativeTarget "testTempleTests" */;
			buildPhases = (
				57DD2CE22A875C8C1058F4CD /* [CP] Check Pods Manifest.lock */,
				7371F5E326BFDC0F0099F69C /* Sources */,
				7371F5E426BFDC0F0099F69C /* Frameworks */,
				7371F5E526BFDC0F0099F69C /* Resources */,
			);
			buildRules = (
			);
			dependencies = (
				7371F5E926BFDC0F0099F69C /* PBXTargetDependency */,
			);
			name = testTempleTests;
			productName = testTempleTests;
			productReference = 7371F5E726BFDC0F0099F69C /* testTempleTests.xctest */;
			productType = "com.apple.product-type.bundle.unit-test";
		};
		7371F5F126BFDC0F0099F69C /* testTempleUITests */ = {
			isa = PBXNativeTarget;
			buildConfigurationList = 7371F60126BFDC0F0099F69C /* Build configuration list for PBXNativeTarget "testTempleUITests" */;
			buildPhases = (
				60E0046968E93E1C37B99045 /* [CP] Check Pods Manifest.lock */,
				7371F5EE26BFDC0F0099F69C /* Sources */,
				7371F5EF26BFDC0F0099F69C /* Frameworks */,
				7371F5F026BFDC0F0099F69C /* Resources */,
				7B4AAF86D0B2DDE606031301 /* [CP] Embed Pods Frameworks */,
			);
			buildRules = (
			);
			dependencies = (
				7371F5F426BFDC0F0099F69C /* PBXTargetDependency */,
			);
			name = testTempleUITests;
			productName = testTempleUITests;
			productReference = 7371F5F226BFDC0F0099F69C /* testTempleUITests.xctest */;
			productType = "com.apple.product-type.bundle.ui-testing";
		};
/* End PBXNativeTarget section */

/* Begin PBXProject section */
		7371F5C926BFDC0E0099F69C /* Project object */ = {
			isa = PBXProject;
			attributes = {
				LastSwiftUpdateCheck = 1250;
				LastUpgradeCheck = 1250;
				TargetAttributes = {
					7371F5D026BFDC0E0099F69C = {
						CreatedOnToolsVersion = 12.5.1;
					};
					7371F5E626BFDC0F0099F69C = {
						CreatedOnToolsVersion = 12.5.1;
						TestTargetID = 7371F5D026BFDC0E0099F69C;
					};
					7371F5F126BFDC0F0099F69C = {
						CreatedOnToolsVersion = 12.5.1;
						TestTargetID = 7371F5D026BFDC0E0099F69C;
					};
				};
			};
			buildConfigurationList = 7371F5CC26BFDC0E0099F69C /* Build configuration list for PBXProject "testTemple" */;
			compatibilityVersion = "Xcode 9.3";
			developmentRegion = en;
			hasScannedForEncodings = 0;
			knownRegions = (
				en,
				Base,
			);
			mainGroup = 7371F5C826BFDC0E0099F69C;
			productRefGroup = 7371F5D226BFDC0E0099F69C /* Products */;
			projectDirPath = "";
			projectRoot = "";
			targets = (
				7371F5D026BFDC0E0099F69C /* testTemple */,
				7371F5E626BFDC0F0099F69C /* testTempleTests */,
				7371F5F126BFDC0F0099F69C /* testTempleUITests */,
			);
		};
/* End PBXProject section */

/* Begin PBXResourcesBuildPhase section */
		7371F5CF26BFDC0E0099F69C /* Resources */ = {
			isa = PBXResourcesBuildPhase;
			buildActionMask = 2147483647;
			files = (
				7371F60526BFDF0F0099F69C /* GoogleService-Info.plist in Resources */,
				7371F5E126BFDC0F0099F69C /* LaunchScreen.storyboard in Resources */,
				7371F5DE26BFDC0F0099F69C /* Assets.xcassets in Resources */,
				7371F5DC26BFDC0E0099F69C /* Main.storyboard in Resources */,
				738400EA26C51A940070F8CF /* employee.json in Resources */,
				738400EC26C51C200070F8CF /* animal.json in Resources */,
			);
			runOnlyForDeploymentPostprocessing = 0;
		};
		7371F5E526BFDC0F0099F69C /* Resources */ = {
			isa = PBXResourcesBuildPhase;
			buildActionMask = 2147483647;
			files = (
			);
			runOnlyForDeploymentPostprocessing = 0;
		};
		7371F5F026BFDC0F0099F69C /* Resources */ = {
			isa = PBXResourcesBuildPhase;
			buildActionMask = 2147483647;
			files = (
			);
			runOnlyForDeploymentPostprocessing = 0;
		};
/* End PBXResourcesBuildPhase section */

/* Begin PBXShellScriptBuildPhase section */
		57DD2CE22A875C8C1058F4CD /* [CP] Check Pods Manifest.lock */ = {
			isa = PBXShellScriptBuildPhase;
			buildActionMask = 2147483647;
			files = (
			);
			inputFileListPaths = (
			);
			inputPaths = (
				"${PODS_PODFILE_DIR_PATH}/Podfile.lock",
				"${PODS_ROOT}/Manifest.lock",
			);
			name = "[CP] Check Pods Manifest.lock";
			outputFileListPaths = (
			);
			outputPaths = (
				"$(DERIVED_FILE_DIR)/Pods-testTempleTests-checkManifestLockResult.txt",
			);
			runOnlyForDeploymentPostprocessing = 0;
			shellPath = /bin/sh;
			shellScript = "diff \"${PODS_PODFILE_DIR_PATH}/Podfile.lock\" \"${PODS_ROOT}/Manifest.lock\" > /dev/null\nif [ $? != 0 ] ; then\n    # print error to STDERR\n    echo \"error: The sandbox is not in sync with the Podfile.lock. Run 'pod install' or update your CocoaPods installation.\" >&2\n    exit 1\nfi\n# This output is used by Xcode 'outputs' to avoid re-running this script phase.\necho \"SUCCESS\" > \"${SCRIPT_OUTPUT_FILE_0}\"\n";
			showEnvVarsInLog = 0;
		};
		60E0046968E93E1C37B99045 /* [CP] Check Pods Manifest.lock */ = {
			isa = PBXShellScriptBuildPhase;
			buildActionMask = 2147483647;
			files = (
			);
			inputFileListPaths = (
			);
			inputPaths = (
				"${PODS_PODFILE_DIR_PATH}/Podfile.lock",
				"${PODS_ROOT}/Manifest.lock",
			);
			name = "[CP] Check Pods Manifest.lock";
			outputFileListPaths = (
			);
			outputPaths = (
				"$(DERIVED_FILE_DIR)/Pods-testTemple-testTempleUITests-checkManifestLockResult.txt",
			);
			runOnlyForDeploymentPostprocessing = 0;
			shellPath = /bin/sh;
			shellScript = "diff \"${PODS_PODFILE_DIR_PATH}/Podfile.lock\" \"${PODS_ROOT}/Manifest.lock\" > /dev/null\nif [ $? != 0 ] ; then\n    # print error to STDERR\n    echo \"error: The sandbox is not in sync with the Podfile.lock. Run 'pod install' or update your CocoaPods installation.\" >&2\n    exit 1\nfi\n# This output is used by Xcode 'outputs' to avoid re-running this script phase.\necho \"SUCCESS\" > \"${SCRIPT_OUTPUT_FILE_0}\"\n";
			showEnvVarsInLog = 0;
		};
		7B4AAF86D0B2DDE606031301 /* [CP] Embed Pods Frameworks */ = {
			isa = PBXShellScriptBuildPhase;
			buildActionMask = 2147483647;
			files = (
			);
			inputFileListPaths = (
				"${PODS_ROOT}/Target Support Files/Pods-testTemple-testTempleUITests/Pods-testTemple-testTempleUITests-frameworks-${CONFIGURATION}-input-files.xcfilelist",
			);
			name = "[CP] Embed Pods Frameworks";
			outputFileListPaths = (
				"${PODS_ROOT}/Target Support Files/Pods-testTemple-testTempleUITests/Pods-testTemple-testTempleUITests-frameworks-${CONFIGURATION}-output-files.xcfilelist",
			);
			runOnlyForDeploymentPostprocessing = 0;
			shellPath = /bin/sh;
			shellScript = "\"${PODS_ROOT}/Target Support Files/Pods-testTemple-testTempleUITests/Pods-testTemple-testTempleUITests-frameworks.sh\"\n";
			showEnvVarsInLog = 0;
		};
		B6C809796B55E3E8D43DACE8 /* [CP] Check Pods Manifest.lock */ = {
			isa = PBXShellScriptBuildPhase;
			buildActionMask = 2147483647;
			files = (
			);
			inputFileListPaths = (
			);
			inputPaths = (
				"${PODS_PODFILE_DIR_PATH}/Podfile.lock",
				"${PODS_ROOT}/Manifest.lock",
			);
			name = "[CP] Check Pods Manifest.lock";
			outputFileListPaths = (
			);
			outputPaths = (
				"$(DERIVED_FILE_DIR)/Pods-testTemple-checkManifestLockResult.txt",
			);
			runOnlyForDeploymentPostprocessing = 0;
			shellPath = /bin/sh;
			shellScript = "diff \"${PODS_PODFILE_DIR_PATH}/Podfile.lock\" \"${PODS_ROOT}/Manifest.lock\" > /dev/null\nif [ $? != 0 ] ; then\n    # print error to STDERR\n    echo \"error: The sandbox is not in sync with the Podfile.lock. Run 'pod install' or update your CocoaPods installation.\" >&2\n    exit 1\nfi\n# This output is used by Xcode 'outputs' to avoid re-running this script phase.\necho \"SUCCESS\" > \"${SCRIPT_OUTPUT_FILE_0}\"\n";
			showEnvVarsInLog = 0;
		};
		BEEA7668ACF50787A9884953 /* [CP] Embed Pods Frameworks */ = {
			isa = PBXShellScriptBuildPhase;
			buildActionMask = 2147483647;
			files = (
			);
			inputFileListPaths = (
				"${PODS_ROOT}/Target Support Files/Pods-testTemple/Pods-testTemple-frameworks-${CONFIGURATION}-input-files.xcfilelist",
			);
			name = "[CP] Embed Pods Frameworks";
			outputFileListPaths = (
				"${PODS_ROOT}/Target Support Files/Pods-testTemple/Pods-testTemple-frameworks-${CONFIGURATION}-output-files.xcfilelist",
			);
			runOnlyForDeploymentPostprocessing = 0;
			shellPath = /bin/sh;
			shellScript = "\"${PODS_ROOT}/Target Support Files/Pods-testTemple/Pods-testTemple-frameworks.sh\"\n";
			showEnvVarsInLog = 0;
		};
/* End PBXShellScriptBuildPhase section */

/* Begin PBXSourcesBuildPhase section */
		7371F5CD26BFDC0E0099F69C /* Sources */ = {
			isa = PBXSourcesBuildPhase;
			buildActionMask = 2147483647;
			files = (
				7371F5D926BFDC0E0099F69C /* ViewController.swift in Sources */,
				7371F5D526BFDC0E0099F69C /* AppDelegate.swift in Sources */,
				7371F5D726BFDC0E0099F69C /* SceneDelegate.swift in Sources */,
			);
			runOnlyForDeploymentPostprocessing = 0;
		};
		7371F5E326BFDC0F0099F69C /* Sources */ = {
			isa = PBXSourcesBuildPhase;
			buildActionMask = 2147483647;
			files = (
				7371F5EC26BFDC0F0099F69C /* testTempleTests.swift in Sources */,
			);
			runOnlyForDeploymentPostprocessing = 0;
		};
		7371F5EE26BFDC0F0099F69C /* Sources */ = {
			isa = PBXSourcesBuildPhase;
			buildActionMask = 2147483647;
			files = (
				7371F5F726BFDC0F0099F69C /* testTempleUITests.swift in Sources */,
			);
			runOnlyForDeploymentPostprocessing = 0;
		};
/* End PBXSourcesBuildPhase section */

/* Begin PBXTargetDependency section */
		7371F5E926BFDC0F0099F69C /* PBXTargetDependency */ = {
			isa = PBXTargetDependency;
			target = 7371F5D026BFDC0E0099F69C /* testTemple */;
			targetProxy = 7371F5E826BFDC0F0099F69C /* PBXContainerItemProxy */;
		};
		7371F5F426BFDC0F0099F69C /* PBXTargetDependency */ = {
			isa = PBXTargetDependency;
			target = 7371F5D026BFDC0E0099F69C /* testTemple */;
			targetProxy = 7371F5F326BFDC0F0099F69C /* PBXContainerItemProxy */;
		};
/* End PBXTargetDependency section */

/* Begin PBXVariantGroup section */
		7371F5DA26BFDC0E0099F69C /* Main.storyboard */ = {
			isa = PBXVariantGroup;
			children = (
				7371F5DB26BFDC0E0099F69C /* Base */,
			);
			name = Main.storyboard;
			sourceTree = "<group>";
		};
		7371F5DF26BFDC0F0099F69C /* LaunchScreen.storyboard */ = {
			isa = PBXVariantGroup;
			children = (
				7371F5E026BFDC0F0099F69C /* Base */,
			);
			name = LaunchScreen.storyboard;
			sourceTree = "<group>";
		};
/* End PBXVariantGroup section */

/* Begin XCBuildConfiguration section */
		7371F5F926BFDC0F0099F69C /* Debug */ = {
			isa = XCBuildConfiguration;
			buildSettings = {
				ALWAYS_SEARCH_USER_PATHS = NO;
				CLANG_ANALYZER_NONNULL = YES;
				CLANG_ANALYZER_NUMBER_OBJECT_CONVERSION = YES_AGGRESSIVE;
				CLANG_CXX_LANGUAGE_STANDARD = "gnu++14";
				CLANG_CXX_LIBRARY = "libc++";
				CLANG_ENABLE_MODULES = YES;
				CLANG_ENABLE_OBJC_ARC = YES;
				CLANG_ENABLE_OBJC_WEAK = YES;
				CLANG_WARN_BLOCK_CAPTURE_AUTORELEASING = YES;
				CLANG_WARN_BOOL_CONVERSION = YES;
				CLANG_WARN_COMMA = YES;
				CLANG_WARN_CONSTANT_CONVERSION = YES;
				CLANG_WARN_DEPRECATED_OBJC_IMPLEMENTATIONS = YES;
				CLANG_WARN_DIRECT_OBJC_ISA_USAGE = YES_ERROR;
				CLANG_WARN_DOCUMENTATION_COMMENTS = YES;
				CLANG_WARN_EMPTY_BODY = YES;
				CLANG_WARN_ENUM_CONVERSION = YES;
				CLANG_WARN_INFINITE_RECURSION = YES;
				CLANG_WARN_INT_CONVERSION = YES;
				CLANG_WARN_NON_LITERAL_NULL_CONVERSION = YES;
				CLANG_WARN_OBJC_IMPLICIT_RETAIN_SELF = YES;
				CLANG_WARN_OBJC_LITERAL_CONVERSION = YES;
				CLANG_WARN_OBJC_ROOT_CLASS = YES_ERROR;
				CLANG_WARN_QUOTED_INCLUDE_IN_FRAMEWORK_HEADER = YES;
				CLANG_WARN_RANGE_LOOP_ANALYSIS = YES;
				CLANG_WARN_STRICT_PROTOTYPES = YES;
				CLANG_WARN_SUSPICIOUS_MOVE = YES;
				CLANG_WARN_UNGUARDED_AVAILABILITY = YES_AGGRESSIVE;
				CLANG_WARN_UNREACHABLE_CODE = YES;
				CLANG_WARN__DUPLICATE_METHOD_MATCH = YES;
				COPY_PHASE_STRIP = NO;
				DEBUG_INFORMATION_FORMAT = dwarf;
				ENABLE_STRICT_OBJC_MSGSEND = YES;
				ENABLE_TESTABILITY = YES;
				GCC_C_LANGUAGE_STANDARD = gnu11;
				GCC_DYNAMIC_NO_PIC = NO;
				GCC_NO_COMMON_BLOCKS = YES;
				GCC_OPTIMIZATION_LEVEL = 0;
				GCC_PREPROCESSOR_DEFINITIONS = (
					"DEBUG=1",
					"$(inherited)",
				);
				GCC_WARN_64_TO_32_BIT_CONVERSION = YES;
				GCC_WARN_ABOUT_RETURN_TYPE = YES_ERROR;
				GCC_WARN_UNDECLARED_SELECTOR = YES;
				GCC_WARN_UNINITIALIZED_AUTOS = YES_AGGRESSIVE;
				GCC_WARN_UNUSED_FUNCTION = YES;
				GCC_WARN_UNUSED_VARIABLE = YES;
				IPHONEOS_DEPLOYMENT_TARGET = 14.5;
				MTL_ENABLE_DEBUG_INFO = INCLUDE_SOURCE;
				MTL_FAST_MATH = YES;
				ONLY_ACTIVE_ARCH = YES;
				SDKROOT = iphoneos;
				SWIFT_ACTIVE_COMPILATION_CONDITIONS = DEBUG;
				SWIFT_OPTIMIZATION_LEVEL = "-Onone";
			};
			name = Debug;
		};
		7371F5FA26BFDC0F0099F69C /* Release */ = {
			isa = XCBuildConfiguration;
			buildSettings = {
				ALWAYS_SEARCH_USER_PATHS = NO;
				CLANG_ANALYZER_NONNULL = YES;
				CLANG_ANALYZER_NUMBER_OBJECT_CONVERSION = YES_AGGRESSIVE;
				CLANG_CXX_LANGUAGE_STANDARD = "gnu++14";
				CLANG_CXX_LIBRARY = "libc++";
				CLANG_ENABLE_MODULES = YES;
				CLANG_ENABLE_OBJC_ARC = YES;
				CLANG_ENABLE_OBJC_WEAK = YES;
				CLANG_WARN_BLOCK_CAPTURE_AUTORELEASING = YES;
				CLANG_WARN_BOOL_CONVERSION = YES;
				CLANG_WARN_COMMA = YES;
				CLANG_WARN_CONSTANT_CONVERSION = YES;
				CLANG_WARN_DEPRECATED_OBJC_IMPLEMENTATIONS = YES;
				CLANG_WARN_DIRECT_OBJC_ISA_USAGE = YES_ERROR;
				CLANG_WARN_DOCUMENTATION_COMMENTS = YES;
				CLANG_WARN_EMPTY_BODY = YES;
				CLANG_WARN_ENUM_CONVERSION = YES;
				CLANG_WARN_INFINITE_RECURSION = YES;
				CLANG_WARN_INT_CONVERSION = YES;
				CLANG_WARN_NON_LITERAL_NULL_CONVERSION = YES;
				CLANG_WARN_OBJC_IMPLICIT_RETAIN_SELF = YES;
				CLANG_WARN_OBJC_LITERAL_CONVERSION = YES;
				CLANG_WARN_OBJC_ROOT_CLASS = YES_ERROR;
				CLANG_WARN_QUOTED_INCLUDE_IN_FRAMEWORK_HEADER = YES;
				CLANG_WARN_RANGE_LOOP_ANALYSIS = YES;
				CLANG_WARN_STRICT_PROTOTYPES = YES;
				CLANG_WARN_SUSPICIOUS_MOVE = YES;
				CLANG_WARN_UNGUARDED_AVAILABILITY = YES_AGGRESSIVE;
				CLANG_WARN_UNREACHABLE_CODE = YES;
				CLANG_WARN__DUPLICATE_METHOD_MATCH = YES;
				COPY_PHASE_STRIP = NO;
				DEBUG_INFORMATION_FORMAT = "dwarf-with-dsym";
				ENABLE_NS_ASSERTIONS = NO;
				ENABLE_STRICT_OBJC_MSGSEND = YES;
				GCC_C_LANGUAGE_STANDARD = gnu11;
				GCC_NO_COMMON_BLOCKS = YES;
				GCC_WARN_64_TO_32_BIT_CONVERSION = YES;
				GCC_WARN_ABOUT_RETURN_TYPE = YES_ERROR;
				GCC_WARN_UNDECLARED_SELECTOR = YES;
				GCC_WARN_UNINITIALIZED_AUTOS = YES_AGGRESSIVE;
				GCC_WARN_UNUSED_FUNCTION = YES;
				GCC_WARN_UNUSED_VARIABLE = YES;
				IPHONEOS_DEPLOYMENT_TARGET = 14.5;
				MTL_ENABLE_DEBUG_INFO = NO;
				MTL_FAST_MATH = YES;
				SDKROOT = iphoneos;
				SWIFT_COMPILATION_MODE = wholemodule;
				SWIFT_OPTIMIZATION_LEVEL = "-O";
				VALIDATE_PRODUCT = YES;
			};
			name = Release;
		};
		7371F5FC26BFDC0F0099F69C /* Debug */ = {
			isa = XCBuildConfiguration;
			baseConfigurationReference = 913564AABA129739F5A5E09F /* Pods-testTemple.debug.xcconfig */;
			buildSettings = {
				ASSETCATALOG_COMPILER_APPICON_NAME = AppIcon;
				ASSETCATALOG_COMPILER_GLOBAL_ACCENT_COLOR_NAME = AccentColor;
				CODE_SIGN_STYLE = Automatic;
				DEVELOPMENT_TEAM = VNAV5S2KU6;
				INFOPLIST_FILE = testTemple/Info.plist;
				LD_RUNPATH_SEARCH_PATHS = (
					"$(inherited)",
					"@executable_path/Frameworks",
				);
				PRODUCT_BUNDLE_IDENTIFIER = kazuyasasakura.testTemple;
				PRODUCT_NAME = "$(TARGET_NAME)";
				SWIFT_VERSION = 5.0;
				TARGETED_DEVICE_FAMILY = "1,2";
			};
			name = Debug;
		};
		7371F5FD26BFDC0F0099F69C /* Release */ = {
			isa = XCBuildConfiguration;
			baseConfigurationReference = 0FEA537658AE5DF9C7EA74FA /* Pods-testTemple.release.xcconfig */;
			buildSettings = {
				ASSETCATALOG_COMPILER_APPICON_NAME = AppIcon;
				ASSETCATALOG_COMPILER_GLOBAL_ACCENT_COLOR_NAME = AccentColor;
				CODE_SIGN_STYLE = Automatic;
				DEVELOPMENT_TEAM = VNAV5S2KU6;
				INFOPLIST_FILE = testTemple/Info.plist;
				LD_RUNPATH_SEARCH_PATHS = (
					"$(inherited)",
					"@executable_path/Frameworks",
				);
				PRODUCT_BUNDLE_IDENTIFIER = kazuyasasakura.testTemple;
				PRODUCT_NAME = "$(TARGET_NAME)";
				SWIFT_VERSION = 5.0;
				TARGETED_DEVICE_FAMILY = "1,2";
			};
			name = Release;
		};
		7371F5FF26BFDC0F0099F69C /* Debug */ = {
			isa = XCBuildConfiguration;
			baseConfigurationReference = 0AC2FA2F925D9F19097B7956 /* Pods-testTempleTests.debug.xcconfig */;
			buildSettings = {
				ALWAYS_EMBED_SWIFT_STANDARD_LIBRARIES = YES;
				BUNDLE_LOADER = "$(TEST_HOST)";
				CODE_SIGN_STYLE = Automatic;
				DEVELOPMENT_TEAM = VNAV5S2KU6;
				INFOPLIST_FILE = testTempleTests/Info.plist;
				IPHONEOS_DEPLOYMENT_TARGET = 14.5;
				LD_RUNPATH_SEARCH_PATHS = (
					"$(inherited)",
					"@executable_path/Frameworks",
					"@loader_path/Frameworks",
				);
				PRODUCT_BUNDLE_IDENTIFIER = kazuyasasakura.testTempleTests;
				PRODUCT_NAME = "$(TARGET_NAME)";
				SWIFT_VERSION = 5.0;
				TARGETED_DEVICE_FAMILY = "1,2";
				TEST_HOST = "$(BUILT_PRODUCTS_DIR)/testTemple.app/testTemple";
			};
			name = Debug;
		};
		7371F60026BFDC0F0099F69C /* Release */ = {
			isa = XCBuildConfiguration;
			baseConfigurationReference = FB38E79A2AA8E0496ABCA98D /* Pods-testTempleTests.release.xcconfig */;
			buildSettings = {
				ALWAYS_EMBED_SWIFT_STANDARD_LIBRARIES = YES;
				BUNDLE_LOADER = "$(TEST_HOST)";
				CODE_SIGN_STYLE = Automatic;
				DEVELOPMENT_TEAM = VNAV5S2KU6;
				INFOPLIST_FILE = testTempleTests/Info.plist;
				IPHONEOS_DEPLOYMENT_TARGET = 14.5;
				LD_RUNPATH_SEARCH_PATHS = (
					"$(inherited)",
					"@executable_path/Frameworks",
					"@loader_path/Frameworks",
				);
				PRODUCT_BUNDLE_IDENTIFIER = kazuyasasakura.testTempleTests;
				PRODUCT_NAME = "$(TARGET_NAME)";
				SWIFT_VERSION = 5.0;
				TARGETED_DEVICE_FAMILY = "1,2";
				TEST_HOST = "$(BUILT_PRODUCTS_DIR)/testTemple.app/testTemple";
			};
			name = Release;
		};
		7371F60226BFDC0F0099F69C /* Debug */ = {
			isa = XCBuildConfiguration;
			baseConfigurationReference = F2B03AF9DA790E4D3BD415E1 /* Pods-testTemple-testTempleUITests.debug.xcconfig */;
			buildSettings = {
				ALWAYS_EMBED_SWIFT_STANDARD_LIBRARIES = YES;
				CODE_SIGN_STYLE = Automatic;
				DEVELOPMENT_TEAM = VNAV5S2KU6;
				INFOPLIST_FILE = testTempleUITests/Info.plist;
				LD_RUNPATH_SEARCH_PATHS = (
					"$(inherited)",
					"@executable_path/Frameworks",
					"@loader_path/Frameworks",
				);
				PRODUCT_BUNDLE_IDENTIFIER = kazuyasasakura.testTempleUITests;
				PRODUCT_NAME = "$(TARGET_NAME)";
				SWIFT_VERSION = 5.0;
				TARGETED_DEVICE_FAMILY = "1,2";
				TEST_TARGET_NAME = testTemple;
			};
			name = Debug;
		};
		7371F60326BFDC0F0099F69C /* Release */ = {
			isa = XCBuildConfiguration;
			baseConfigurationReference = 40412E472BD4C18810EAB68C /* Pods-testTemple-testTempleUITests.release.xcconfig */;
			buildSettings = {
				ALWAYS_EMBED_SWIFT_STANDARD_LIBRARIES = YES;
				CODE_SIGN_STYLE = Automatic;
				DEVELOPMENT_TEAM = VNAV5S2KU6;
				INFOPLIST_FILE = testTempleUITests/Info.plist;
				LD_RUNPATH_SEARCH_PATHS = (
					"$(inherited)",
					"@executable_path/Frameworks",
					"@loader_path/Frameworks",
				);
				PRODUCT_BUNDLE_IDENTIFIER = kazuyasasakura.testTempleUITests;
				PRODUCT_NAME = "$(TARGET_NAME)";
				SWIFT_VERSION = 5.0;
				TARGETED_DEVICE_FAMILY = "1,2";
				TEST_TARGET_NAME = testTemple;
			};
			name = Release;
		};
/* End XCBuildConfiguration section */

/* Begin XCConfigurationList section */
		7371F5CC26BFDC0E0099F69C /* Build configuration list for PBXProject "testTemple" */ = {
			isa = XCConfigurationList;
			buildConfigurations = (
				7371F5F926BFDC0F0099F69C /* Debug */,
				7371F5FA26BFDC0F0099F69C /* Release */,
			);
			defaultConfigurationIsVisible = 0;
			defaultConfigurationName = Release;
		};
		7371F5FB26BFDC0F0099F69C /* Build configuration list for PBXNativeTarget "testTemple" */ = {
			isa = XCConfigurationList;
			buildConfigurations = (
				7371F5FC26BFDC0F0099F69C /* Debug */,
				7371F5FD26BFDC0F0099F69C /* Release */,
			);
			defaultConfigurationIsVisible = 0;
			defaultConfigurationName = Release;
		};
		7371F5FE26BFDC0F0099F69C /* Build configuration list for PBXNativeTarget "testTempleTests" */ = {
			isa = XCConfigurationList;
			buildConfigurations = (
				7371F5FF26BFDC0F0099F69C /* Debug */,
				7371F60026BFDC0F0099F69C /* Release */,
			);
			defaultConfigurationIsVisible = 0;
			defaultConfigurationName = Release;
		};
		7371F60126BFDC0F0099F69C /* Build configuration list for PBXNativeTarget "testTempleUITests" */ = {
			isa = XCConfigurationList;
			buildConfigurations = (
				7371F60226BFDC0F0099F69C /* Debug */,
				7371F60326BFDC0F0099F69C /* Release */,
			);
			defaultConfigurationIsVisible = 0;
			defaultConfigurationName = Release;
		};
/* End XCConfigurationList section */
	};
	rootObject = 7371F5C926BFDC0E0099F69C /* Project object */;
}
